// !$*UTF8*$!
{
	archiveVersion = 1;
	classes = {
	};
	objectVersion = 48;
	objects = {

/* Begin PBXBuildFile section */
		6940AF9EF95F751F57E33CF8 /* Pods_ClothesShop.framework in Frameworks */ = {isa = PBXBuildFile; fileRef = 0BF99648C8639E1DEDD6E920 /* Pods_ClothesShop.framework */; };
		E80C4B341FCC2A1B00D4B473 /* Product.swift in Sources */ = {isa = PBXBuildFile; fileRef = E80C4B331FCC2A1B00D4B473 /* Product.swift */; };
		E80C4B361FCC2AB300D4B473 /* FeedCell.swift in Sources */ = {isa = PBXBuildFile; fileRef = E80C4B351FCC2AB300D4B473 /* FeedCell.swift */; };
		E80C4B391FCC41F800D4B473 /* ApiService.swift in Sources */ = {isa = PBXBuildFile; fileRef = E80C4B381FCC41F800D4B473 /* ApiService.swift */; };
		E83CA5781FD01AC6003799FB /* ProductCell.swift in Sources */ = {isa = PBXBuildFile; fileRef = E83CA5771FD01AC6003799FB /* ProductCell.swift */; };
		E86BF2141FC4565F000E06BE /* HomeController.swift in Sources */ = {isa = PBXBuildFile; fileRef = E86BF2131FC4565F000E06BE /* HomeController.swift */; };
		E86BF2161FC457F0000E06BE /* HomeCell.xib in Resources */ = {isa = PBXBuildFile; fileRef = E86BF2151FC457F0000E06BE /* HomeCell.xib */; };
		E86BF2181FC462D7000E06BE /* HomeCategory.xib in Resources */ = {isa = PBXBuildFile; fileRef = E86BF2171FC462D7000E06BE /* HomeCategory.xib */; };
		E8917BF61FBDB97900746974 /* AppDelegate.swift in Sources */ = {isa = PBXBuildFile; fileRef = E8917BF51FBDB97900746974 /* AppDelegate.swift */; };
		E8917BFB1FBDB97900746974 /* Main.storyboard in Resources */ = {isa = PBXBuildFile; fileRef = E8917BF91FBDB97900746974 /* Main.storyboard */; };
		E8917BFE1FBDB97900746974 /* ClothesShop.xcdatamodeld in Sources */ = {isa = PBXBuildFile; fileRef = E8917BFC1FBDB97900746974 /* ClothesShop.xcdatamodeld */; };
		E8917C001FBDB97900746974 /* Assets.xcassets in Resources */ = {isa = PBXBuildFile; fileRef = E8917BFF1FBDB97900746974 /* Assets.xcassets */; };
		E8917C031FBDB97900746974 /* LaunchScreen.storyboard in Resources */ = {isa = PBXBuildFile; fileRef = E8917C011FBDB97900746974 /* LaunchScreen.storyboard */; };
		E8917C151FBDC12E00746974 /* UIButtonX.swift in Sources */ = {isa = PBXBuildFile; fileRef = E8917C0B1FBDC12E00746974 /* UIButtonX.swift */; };
		E8917C161FBDC12E00746974 /* UIImageViewX.swift in Sources */ = {isa = PBXBuildFile; fileRef = E8917C0C1FBDC12E00746974 /* UIImageViewX.swift */; };
		E8917C171FBDC12E00746974 /* UILabelX.swift in Sources */ = {isa = PBXBuildFile; fileRef = E8917C0D1FBDC12E00746974 /* UILabelX.swift */; };
		E8917C181FBDC12E00746974 /* UISliderX.swift in Sources */ = {isa = PBXBuildFile; fileRef = E8917C0E1FBDC12E00746974 /* UISliderX.swift */; };
		E8917C191FBDC12E00746974 /* UITextFieldX.swift in Sources */ = {isa = PBXBuildFile; fileRef = E8917C0F1FBDC12E00746974 /* UITextFieldX.swift */; };
		E8917C1A1FBDC12E00746974 /* UIViewAnchorPoint.swift in Sources */ = {isa = PBXBuildFile; fileRef = E8917C101FBDC12E00746974 /* UIViewAnchorPoint.swift */; };
		E8917C1B1FBDC12E00746974 /* UIViewControllerX.swift in Sources */ = {isa = PBXBuildFile; fileRef = E8917C111FBDC12E00746974 /* UIViewControllerX.swift */; };
		E8917C1C1FBDC12E00746974 /* UIViewX.swift in Sources */ = {isa = PBXBuildFile; fileRef = E8917C121FBDC12E00746974 /* UIViewX.swift */; };
		E8917C1D1FBDC12E00746974 /* UIViewXRadialGradient.swift in Sources */ = {isa = PBXBuildFile; fileRef = E8917C131FBDC12E00746974 /* UIViewXRadialGradient.swift */; };
		E8917C1E1FBDC12E00746974 /* UIVisualEffectViewX.swift in Sources */ = {isa = PBXBuildFile; fileRef = E8917C141FBDC12E00746974 /* UIVisualEffectViewX.swift */; };
		E8917C211FBDC3E700746974 /* RegisterController.swift in Sources */ = {isa = PBXBuildFile; fileRef = E8917C201FBDC3E700746974 /* RegisterController.swift */; };
		E8917C241FBDC5B600746974 /* Extension.swift in Sources */ = {isa = PBXBuildFile; fileRef = E8917C231FBDC5B600746974 /* Extension.swift */; };
		E8BBA3EC1FC990C2002ADD8D /* User.swift in Sources */ = {isa = PBXBuildFile; fileRef = E8BBA3EB1FC990C2002ADD8D /* User.swift */; };
		E8BBA3EE1FC9A85E002ADD8D /* slideMenuItem.swift in Sources */ = {isa = PBXBuildFile; fileRef = E8BBA3ED1FC9A85E002ADD8D /* slideMenuItem.swift */; };
		E8C27ECC1FCA91E7004CC70E /* MenuBarView.swift in Sources */ = {isa = PBXBuildFile; fileRef = E8C27ECB1FCA91E7004CC70E /* MenuBarView.swift */; };
		E8C27ECE1FCAC203004CC70E /* BaseCell.swift in Sources */ = {isa = PBXBuildFile; fileRef = E8C27ECD1FCAC203004CC70E /* BaseCell.swift */; };
		E8C534371FC03ADD00279145 /* LoginController.swift in Sources */ = {isa = PBXBuildFile; fileRef = E8C534361FC03ADD00279145 /* LoginController.swift */; };
		E8C5343A1FC05DD100279145 /* GoogleService-Info.plist in Resources */ = {isa = PBXBuildFile; fileRef = E8C534391FC05DD100279145 /* GoogleService-Info.plist */; };
		E8DFA8361FC58E9E002DFC74 /* HomeCell.swift in Sources */ = {isa = PBXBuildFile; fileRef = E8DFA8351FC58E9E002DFC74 /* HomeCell.swift */; };
		E8DFA8381FC58ED9002DFC74 /* HomeCategoryCell.swift in Sources */ = {isa = PBXBuildFile; fileRef = E8DFA8371FC58ED9002DFC74 /* HomeCategoryCell.swift */; };
		E8DFA83B1FC59B34002DFC74 /* Category.swift in Sources */ = {isa = PBXBuildFile; fileRef = E8DFA83A1FC59B34002DFC74 /* Category.swift */; };
		E8F4797F1FC6F56200DDBBA7 /* MenuController.swift in Sources */ = {isa = PBXBuildFile; fileRef = E8F4797E1FC6F56200DDBBA7 /* MenuController.swift */; };
		E8F479811FC6FC9600DDBBA7 /* SlideMenuCell.swift in Sources */ = {isa = PBXBuildFile; fileRef = E8F479801FC6FC9600DDBBA7 /* SlideMenuCell.swift */; };
		E8F479831FC700DE00DDBBA7 /* CategoryProductController.swift in Sources */ = {isa = PBXBuildFile; fileRef = E8F479821FC700DE00DDBBA7 /* CategoryProductController.swift */; };
/* End PBXBuildFile section */

/* Begin PBXFileReference section */
		0BF99648C8639E1DEDD6E920 /* Pods_ClothesShop.framework */ = {isa = PBXFileReference; explicitFileType = wrapper.framework; includeInIndex = 0; path = Pods_ClothesShop.framework; sourceTree = BUILT_PRODUCTS_DIR; };
		C731CC1536CFA13C3E4E2338 /* Pods-ClothesShop.debug.xcconfig */ = {isa = PBXFileReference; includeInIndex = 1; lastKnownFileType = text.xcconfig; name = "Pods-ClothesShop.debug.xcconfig"; path = "Pods/Target Support Files/Pods-ClothesShop/Pods-ClothesShop.debug.xcconfig"; sourceTree = "<group>"; };
		E80C4B331FCC2A1B00D4B473 /* Product.swift */ = {isa = PBXFileReference; lastKnownFileType = sourcecode.swift; path = Product.swift; sourceTree = "<group>"; };
		E80C4B351FCC2AB300D4B473 /* FeedCell.swift */ = {isa = PBXFileReference; lastKnownFileType = sourcecode.swift; path = FeedCell.swift; sourceTree = "<group>"; };
		E80C4B381FCC41F800D4B473 /* ApiService.swift */ = {isa = PBXFileReference; lastKnownFileType = sourcecode.swift; path = ApiService.swift; sourceTree = "<group>"; };
		E83CA5771FD01AC6003799FB /* ProductCell.swift */ = {isa = PBXFileReference; lastKnownFileType = sourcecode.swift; path = ProductCell.swift; sourceTree = "<group>"; };
		E86BF2131FC4565F000E06BE /* HomeController.swift */ = {isa = PBXFileReference; lastKnownFileType = sourcecode.swift; path = HomeController.swift; sourceTree = "<group>"; };
		E86BF2151FC457F0000E06BE /* HomeCell.xib */ = {isa = PBXFileReference; lastKnownFileType = file.xib; path = HomeCell.xib; sourceTree = "<group>"; };
		E86BF2171FC462D7000E06BE /* HomeCategory.xib */ = {isa = PBXFileReference; lastKnownFileType = file.xib; path = HomeCategory.xib; sourceTree = "<group>"; };
		E8917BF21FBDB97900746974 /* ClothesShop.app */ = {isa = PBXFileReference; explicitFileType = wrapper.application; includeInIndex = 0; path = ClothesShop.app; sourceTree = BUILT_PRODUCTS_DIR; };
		E8917BF51FBDB97900746974 /* AppDelegate.swift */ = {isa = PBXFileReference; lastKnownFileType = sourcecode.swift; path = AppDelegate.swift; sourceTree = "<group>"; };
		E8917BFA1FBDB97900746974 /* Base */ = {isa = PBXFileReference; lastKnownFileType = file.storyboard; name = Base; path = Base.lproj/Main.storyboard; sourceTree = "<group>"; };
		E8917BFD1FBDB97900746974 /* ClothesShop.xcdatamodel */ = {isa = PBXFileReference; lastKnownFileType = wrapper.xcdatamodel; path = ClothesShop.xcdatamodel; sourceTree = "<group>"; };
		E8917BFF1FBDB97900746974 /* Assets.xcassets */ = {isa = PBXFileReference; lastKnownFileType = folder.assetcatalog; path = Assets.xcassets; sourceTree = "<group>"; };
		E8917C021FBDB97900746974 /* Base */ = {isa = PBXFileReference; lastKnownFileType = file.storyboard; name = Base; path = Base.lproj/LaunchScreen.storyboard; sourceTree = "<group>"; };
		E8917C041FBDB97900746974 /* Info.plist */ = {isa = PBXFileReference; lastKnownFileType = text.plist.xml; path = Info.plist; sourceTree = "<group>"; };
		E8917C0B1FBDC12E00746974 /* UIButtonX.swift */ = {isa = PBXFileReference; fileEncoding = 4; lastKnownFileType = sourcecode.swift; path = UIButtonX.swift; sourceTree = "<group>"; };
		E8917C0C1FBDC12E00746974 /* UIImageViewX.swift */ = {isa = PBXFileReference; fileEncoding = 4; lastKnownFileType = sourcecode.swift; path = UIImageViewX.swift; sourceTree = "<group>"; };
		E8917C0D1FBDC12E00746974 /* UILabelX.swift */ = {isa = PBXFileReference; fileEncoding = 4; lastKnownFileType = sourcecode.swift; path = UILabelX.swift; sourceTree = "<group>"; };
		E8917C0E1FBDC12E00746974 /* UISliderX.swift */ = {isa = PBXFileReference; fileEncoding = 4; lastKnownFileType = sourcecode.swift; path = UISliderX.swift; sourceTree = "<group>"; };
		E8917C0F1FBDC12E00746974 /* UITextFieldX.swift */ = {isa = PBXFileReference; fileEncoding = 4; lastKnownFileType = sourcecode.swift; path = UITextFieldX.swift; sourceTree = "<group>"; };
		E8917C101FBDC12E00746974 /* UIViewAnchorPoint.swift */ = {isa = PBXFileReference; fileEncoding = 4; lastKnownFileType = sourcecode.swift; path = UIViewAnchorPoint.swift; sourceTree = "<group>"; };
		E8917C111FBDC12E00746974 /* UIViewControllerX.swift */ = {isa = PBXFileReference; fileEncoding = 4; lastKnownFileType = sourcecode.swift; path = UIViewControllerX.swift; sourceTree = "<group>"; };
		E8917C121FBDC12E00746974 /* UIViewX.swift */ = {isa = PBXFileReference; fileEncoding = 4; lastKnownFileType = sourcecode.swift; path = UIViewX.swift; sourceTree = "<group>"; };
		E8917C131FBDC12E00746974 /* UIViewXRadialGradient.swift */ = {isa = PBXFileReference; fileEncoding = 4; lastKnownFileType = sourcecode.swift; path = UIViewXRadialGradient.swift; sourceTree = "<group>"; };
		E8917C141FBDC12E00746974 /* UIVisualEffectViewX.swift */ = {isa = PBXFileReference; fileEncoding = 4; lastKnownFileType = sourcecode.swift; path = UIVisualEffectViewX.swift; sourceTree = "<group>"; };
		E8917C201FBDC3E700746974 /* RegisterController.swift */ = {isa = PBXFileReference; lastKnownFileType = sourcecode.swift; path = RegisterController.swift; sourceTree = "<group>"; };
		E8917C231FBDC5B600746974 /* Extension.swift */ = {isa = PBXFileReference; lastKnownFileType = sourcecode.swift; path = Extension.swift; sourceTree = "<group>"; };
		E8BBA3EB1FC990C2002ADD8D /* User.swift */ = {isa = PBXFileReference; lastKnownFileType = sourcecode.swift; path = User.swift; sourceTree = "<group>"; };
		E8BBA3ED1FC9A85E002ADD8D /* slideMenuItem.swift */ = {isa = PBXFileReference; lastKnownFileType = sourcecode.swift; path = slideMenuItem.swift; sourceTree = "<group>"; };
		E8C27ECB1FCA91E7004CC70E /* MenuBarView.swift */ = {isa = PBXFileReference; lastKnownFileType = sourcecode.swift; path = MenuBarView.swift; sourceTree = "<group>"; };
		E8C27ECD1FCAC203004CC70E /* BaseCell.swift */ = {isa = PBXFileReference; lastKnownFileType = sourcecode.swift; path = BaseCell.swift; sourceTree = "<group>"; };
		E8C534361FC03ADD00279145 /* LoginController.swift */ = {isa = PBXFileReference; lastKnownFileType = sourcecode.swift; path = LoginController.swift; sourceTree = "<group>"; };
		E8C534381FC0519900279145 /* ClothesShop.entitlements */ = {isa = PBXFileReference; lastKnownFileType = text.plist.entitlements; path = ClothesShop.entitlements; sourceTree = "<group>"; };
		E8C534391FC05DD100279145 /* GoogleService-Info.plist */ = {isa = PBXFileReference; fileEncoding = 4; lastKnownFileType = text.plist.xml; path = "GoogleService-Info.plist"; sourceTree = "<group>"; };
		E8DFA8351FC58E9E002DFC74 /* HomeCell.swift */ = {isa = PBXFileReference; lastKnownFileType = sourcecode.swift; path = HomeCell.swift; sourceTree = "<group>"; };
		E8DFA8371FC58ED9002DFC74 /* HomeCategoryCell.swift */ = {isa = PBXFileReference; lastKnownFileType = sourcecode.swift; path = HomeCategoryCell.swift; sourceTree = "<group>"; };
		E8DFA83A1FC59B34002DFC74 /* Category.swift */ = {isa = PBXFileReference; lastKnownFileType = sourcecode.swift; path = Category.swift; sourceTree = "<group>"; };
		E8F4797E1FC6F56200DDBBA7 /* MenuController.swift */ = {isa = PBXFileReference; lastKnownFileType = sourcecode.swift; path = MenuController.swift; sourceTree = "<group>"; };
		E8F479801FC6FC9600DDBBA7 /* SlideMenuCell.swift */ = {isa = PBXFileReference; lastKnownFileType = sourcecode.swift; path = SlideMenuCell.swift; sourceTree = "<group>"; };
		E8F479821FC700DE00DDBBA7 /* CategoryProductController.swift */ = {isa = PBXFileReference; lastKnownFileType = sourcecode.swift; path = CategoryProductController.swift; sourceTree = "<group>"; };
		EF8EE375D86DBA6472C85CBA /* Pods-ClothesShop.release.xcconfig */ = {isa = PBXFileReference; includeInIndex = 1; lastKnownFileType = text.xcconfig; name = "Pods-ClothesShop.release.xcconfig"; path = "Pods/Target Support Files/Pods-ClothesShop/Pods-ClothesShop.release.xcconfig"; sourceTree = "<group>"; };
/* End PBXFileReference section */

/* Begin PBXFrameworksBuildPhase section */
		E8917BEF1FBDB97900746974 /* Frameworks */ = {
			isa = PBXFrameworksBuildPhase;
			buildActionMask = 2147483647;
			files = (
				6940AF9EF95F751F57E33CF8 /* Pods_ClothesShop.framework in Frameworks */,
			);
			runOnlyForDeploymentPostprocessing = 0;
		};
/* End PBXFrameworksBuildPhase section */

/* Begin PBXGroup section */
		680AA7331174C3BF25ED555B /* Frameworks */ = {
			isa = PBXGroup;
			children = (
				0BF99648C8639E1DEDD6E920 /* Pods_ClothesShop.framework */,
			);
			name = Frameworks;
			sourceTree = "<group>";
		};
		D393DF3B47EDF7913B150D15 /* Pods */ = {
			isa = PBXGroup;
			children = (
				C731CC1536CFA13C3E4E2338 /* Pods-ClothesShop.debug.xcconfig */,
				EF8EE375D86DBA6472C85CBA /* Pods-ClothesShop.release.xcconfig */,
			);
			name = Pods;
			sourceTree = "<group>";
		};
		E80C4B371FCC41DA00D4B473 /* ApiService */ = {
			isa = PBXGroup;
			children = (
				E80C4B381FCC41F800D4B473 /* ApiService.swift */,
			);
			path = ApiService;
			sourceTree = "<group>";
		};
		E8917BE91FBDB97900746974 = {
			isa = PBXGroup;
			children = (
				E8917BF41FBDB97900746974 /* ClothesShop */,
				E8917BF31FBDB97900746974 /* Products */,
				D393DF3B47EDF7913B150D15 /* Pods */,
				680AA7331174C3BF25ED555B /* Frameworks */,
			);
			sourceTree = "<group>";
		};
		E8917BF31FBDB97900746974 /* Products */ = {
			isa = PBXGroup;
			children = (
				E8917BF21FBDB97900746974 /* ClothesShop.app */,
			);
			name = Products;
			sourceTree = "<group>";
		};
		E8917BF41FBDB97900746974 /* ClothesShop */ = {
			isa = PBXGroup;
			children = (
				E80C4B371FCC41DA00D4B473 /* ApiService */,
				E8DFA8391FC59B10002DFC74 /* Model */,
				E8DFA8341FC58E45002DFC74 /* View */,
				E8C534381FC0519900279145 /* ClothesShop.entitlements */,
				E8917C221FBDC59F00746974 /* Extension */,
				E8917C1F1FBDC3C000746974 /* Controller */,
				E8917BF51FBDB97900746974 /* AppDelegate.swift */,
				E8917BF91FBDB97900746974 /* Main.storyboard */,
				E8917BFF1FBDB97900746974 /* Assets.xcassets */,
				E8917C011FBDB97900746974 /* LaunchScreen.storyboard */,
				E8917C041FBDB97900746974 /* Info.plist */,
				E8917BFC1FBDB97900746974 /* ClothesShop.xcdatamodeld */,
				E8C534391FC05DD100279145 /* GoogleService-Info.plist */,
				E8917C0A1FBDC12E00746974 /* DesignableX */,
				E86BF2151FC457F0000E06BE /* HomeCell.xib */,
				E86BF2171FC462D7000E06BE /* HomeCategory.xib */,
			);
			path = ClothesShop;
			sourceTree = "<group>";
		};
		E8917C0A1FBDC12E00746974 /* DesignableX */ = {
			isa = PBXGroup;
			children = (
				E8917C0B1FBDC12E00746974 /* UIButtonX.swift */,
				E8917C0C1FBDC12E00746974 /* UIImageViewX.swift */,
				E8917C0D1FBDC12E00746974 /* UILabelX.swift */,
				E8917C0E1FBDC12E00746974 /* UISliderX.swift */,
				E8917C0F1FBDC12E00746974 /* UITextFieldX.swift */,
				E8917C101FBDC12E00746974 /* UIViewAnchorPoint.swift */,
				E8917C111FBDC12E00746974 /* UIViewControllerX.swift */,
				E8917C121FBDC12E00746974 /* UIViewX.swift */,
				E8917C131FBDC12E00746974 /* UIViewXRadialGradient.swift */,
				E8917C141FBDC12E00746974 /* UIVisualEffectViewX.swift */,
			);
			path = DesignableX;
			sourceTree = "<group>";
		};
		E8917C1F1FBDC3C000746974 /* Controller */ = {
			isa = PBXGroup;
			children = (
				E8917C201FBDC3E700746974 /* RegisterController.swift */,
				E8C534361FC03ADD00279145 /* LoginController.swift */,
				E86BF2131FC4565F000E06BE /* HomeController.swift */,
				E8F4797E1FC6F56200DDBBA7 /* MenuController.swift */,
				E8F479821FC700DE00DDBBA7 /* CategoryProductController.swift */,
			);
			path = Controller;
			sourceTree = "<group>";
		};
		E8917C221FBDC59F00746974 /* Extension */ = {
			isa = PBXGroup;
			children = (
				E8917C231FBDC5B600746974 /* Extension.swift */,
			);
			path = Extension;
			sourceTree = "<group>";
		};
		E8DFA8341FC58E45002DFC74 /* View */ = {
			isa = PBXGroup;
			children = (
				E8DFA8351FC58E9E002DFC74 /* HomeCell.swift */,
				E8DFA8371FC58ED9002DFC74 /* HomeCategoryCell.swift */,
				E8F479801FC6FC9600DDBBA7 /* SlideMenuCell.swift */,
				E8C27ECB1FCA91E7004CC70E /* MenuBarView.swift */,
				E8C27ECD1FCAC203004CC70E /* BaseCell.swift */,
				E80C4B351FCC2AB300D4B473 /* FeedCell.swift */,
				E83CA5771FD01AC6003799FB /* ProductCell.swift */,
			);
			path = View;
			sourceTree = "<group>";
		};
		E8DFA8391FC59B10002DFC74 /* Model */ = {
			isa = PBXGroup;
			children = (
				E8DFA83A1FC59B34002DFC74 /* Category.swift */,
				E8BBA3EB1FC990C2002ADD8D /* User.swift */,
				E8BBA3ED1FC9A85E002ADD8D /* slideMenuItem.swift */,
				E80C4B331FCC2A1B00D4B473 /* Product.swift */,
			);
			path = Model;
			sourceTree = "<group>";
		};
/* End PBXGroup section */

/* Begin PBXNativeTarget section */
		E8917BF11FBDB97900746974 /* ClothesShop */ = {
			isa = PBXNativeTarget;
			buildConfigurationList = E8917C071FBDB97900746974 /* Build configuration list for PBXNativeTarget "ClothesShop" */;
			buildPhases = (
				8E72B6D16A7DBBF7D62CD44A /* [CP] Check Pods Manifest.lock */,
				E8917BEE1FBDB97900746974 /* Sources */,
				E8917BEF1FBDB97900746974 /* Frameworks */,
				E8917BF01FBDB97900746974 /* Resources */,
				82F84F78609AAA64A661E7EA /* [CP] Embed Pods Frameworks */,
				97D063F285E94FFA3449719F /* [CP] Copy Pods Resources */,
			);
			buildRules = (
			);
			dependencies = (
			);
			name = ClothesShop;
			productName = ClothesShop;
			productReference = E8917BF21FBDB97900746974 /* ClothesShop.app */;
			productType = "com.apple.product-type.application";
		};
/* End PBXNativeTarget section */

/* Begin PBXProject section */
		E8917BEA1FBDB97900746974 /* Project object */ = {
			isa = PBXProject;
			attributes = {
				LastSwiftUpdateCheck = 0910;
				LastUpgradeCheck = 0910;
				ORGANIZATIONNAME = apple;
				TargetAttributes = {
					E8917BF11FBDB97900746974 = {
						CreatedOnToolsVersion = 9.1;
						ProvisioningStyle = Automatic;
						SystemCapabilities = {
							com.apple.Keychain = {
								enabled = 1;
							};
						};
					};
				};
			};
			buildConfigurationList = E8917BED1FBDB97900746974 /* Build configuration list for PBXProject "ClothesShop" */;
			compatibilityVersion = "Xcode 8.0";
			developmentRegion = en;
			hasScannedForEncodings = 0;
			knownRegions = (
				en,
				Base,
			);
			mainGroup = E8917BE91FBDB97900746974;
			productRefGroup = E8917BF31FBDB97900746974 /* Products */;
			projectDirPath = "";
			projectRoot = "";
			targets = (
				E8917BF11FBDB97900746974 /* ClothesShop */,
			);
		};
/* End PBXProject section */

/* Begin PBXResourcesBuildPhase section */
		E8917BF01FBDB97900746974 /* Resources */ = {
			isa = PBXResourcesBuildPhase;
			buildActionMask = 2147483647;
			files = (
				E8917C031FBDB97900746974 /* LaunchScreen.storyboard in Resources */,
				E8C5343A1FC05DD100279145 /* GoogleService-Info.plist in Resources */,
				E86BF2181FC462D7000E06BE /* HomeCategory.xib in Resources */,
				E8917C001FBDB97900746974 /* Assets.xcassets in Resources */,
				E8917BFB1FBDB97900746974 /* Main.storyboard in Resources */,
				E86BF2161FC457F0000E06BE /* HomeCell.xib in Resources */,
			);
			runOnlyForDeploymentPostprocessing = 0;
		};
/* End PBXResourcesBuildPhase section */

/* Begin PBXShellScriptBuildPhase section */
		82F84F78609AAA64A661E7EA /* [CP] Embed Pods Frameworks */ = {
			isa = PBXShellScriptBuildPhase;
			buildActionMask = 2147483647;
			files = (
			);
			inputPaths = (
				"${SRCROOT}/Pods/Target Support Files/Pods-ClothesShop/Pods-ClothesShop-frameworks.sh",
				"${BUILT_PRODUCTS_DIR}/Bolts/Bolts.framework",
				"${BUILT_PRODUCTS_DIR}/FBSDKCoreKit/FBSDKCoreKit.framework",
				"${BUILT_PRODUCTS_DIR}/FBSDKLoginKit/FBSDKLoginKit.framework",
				"${BUILT_PRODUCTS_DIR}/GTMOAuth2/GTMOAuth2.framework",
				"${BUILT_PRODUCTS_DIR}/GTMSessionFetcher/GTMSessionFetcher.framework",
				"${BUILT_PRODUCTS_DIR}/GoogleToolboxForMac/GoogleToolboxForMac.framework",
				"${BUILT_PRODUCTS_DIR}/leveldb-library/leveldb.framework",
				"${BUILT_PRODUCTS_DIR}/nanopb/nanopb.framework",
			);
			name = "[CP] Embed Pods Frameworks";
			outputPaths = (
				"${TARGET_BUILD_DIR}/${FRAMEWORKS_FOLDER_PATH}/Bolts.framework",
				"${TARGET_BUILD_DIR}/${FRAMEWORKS_FOLDER_PATH}/FBSDKCoreKit.framework",
				"${TARGET_BUILD_DIR}/${FRAMEWORKS_FOLDER_PATH}/FBSDKLoginKit.framework",
				"${TARGET_BUILD_DIR}/${FRAMEWORKS_FOLDER_PATH}/GTMOAuth2.framework",
				"${TARGET_BUILD_DIR}/${FRAMEWORKS_FOLDER_PATH}/GTMSessionFetcher.framework",
				"${TARGET_BUILD_DIR}/${FRAMEWORKS_FOLDER_PATH}/GoogleToolboxForMac.framework",
				"${TARGET_BUILD_DIR}/${FRAMEWORKS_FOLDER_PATH}/leveldb.framework",
				"${TARGET_BUILD_DIR}/${FRAMEWORKS_FOLDER_PATH}/nanopb.framework",
			);
			runOnlyForDeploymentPostprocessing = 0;
			shellPath = /bin/sh;
			shellScript = "\"${SRCROOT}/Pods/Target Support Files/Pods-ClothesShop/Pods-ClothesShop-frameworks.sh\"\n";
			showEnvVarsInLog = 0;
		};
		8E72B6D16A7DBBF7D62CD44A /* [CP] Check Pods Manifest.lock */ = {
			isa = PBXShellScriptBuildPhase;
			buildActionMask = 2147483647;
			files = (
			);
			inputPaths = (
				"${PODS_PODFILE_DIR_PATH}/Podfile.lock",
				"${PODS_ROOT}/Manifest.lock",
			);
			name = "[CP] Check Pods Manifest.lock";
			outputPaths = (
				"$(DERIVED_FILE_DIR)/Pods-ClothesShop-checkManifestLockResult.txt",
			);
			runOnlyForDeploymentPostprocessing = 0;
			shellPath = /bin/sh;
			shellScript = "diff \"${PODS_PODFILE_DIR_PATH}/Podfile.lock\" \"${PODS_ROOT}/Manifest.lock\" > /dev/null\nif [ $? != 0 ] ; then\n    # print error to STDERR\n    echo \"error: The sandbox is not in sync with the Podfile.lock. Run 'pod install' or update your CocoaPods installation.\" >&2\n    exit 1\nfi\n# This output is used by Xcode 'outputs' to avoid re-running this script phase.\necho \"SUCCESS\" > \"${SCRIPT_OUTPUT_FILE_0}\"\n";
			showEnvVarsInLog = 0;
		};
		97D063F285E94FFA3449719F /* [CP] Copy Pods Resources */ = {
			isa = PBXShellScriptBuildPhase;
			buildActionMask = 2147483647;
			files = (
			);
			inputPaths = (
				"${SRCROOT}/Pods/Target Support Files/Pods-ClothesShop/Pods-ClothesShop-resources.sh",
				"${PODS_ROOT}/GoogleSignIn/Resources/GoogleSignIn.bundle",
			);
			name = "[CP] Copy Pods Resources";
			outputPaths = (
				"${TARGET_BUILD_DIR}/${UNLOCALIZED_RESOURCES_FOLDER_PATH}",
			);
			runOnlyForDeploymentPostprocessing = 0;
			shellPath = /bin/sh;
			shellScript = "\"${SRCROOT}/Pods/Target Support Files/Pods-ClothesShop/Pods-ClothesShop-resources.sh\"\n";
			showEnvVarsInLog = 0;
		};
/* End PBXShellScriptBuildPhase section */

/* Begin PBXSourcesBuildPhase section */
		E8917BEE1FBDB97900746974 /* Sources */ = {
			isa = PBXSourcesBuildPhase;
			buildActionMask = 2147483647;
			files = (
				E8F4797F1FC6F56200DDBBA7 /* MenuController.swift in Sources */,
				E8917C241FBDC5B600746974 /* Extension.swift in Sources */,
				E8917C1E1FBDC12E00746974 /* UIVisualEffectViewX.swift in Sources */,
				E8DFA83B1FC59B34002DFC74 /* Category.swift in Sources */,
				E8917C151FBDC12E00746974 /* UIButtonX.swift in Sources */,
				E8917C161FBDC12E00746974 /* UIImageViewX.swift in Sources */,
				E8C534371FC03ADD00279145 /* LoginController.swift in Sources */,
				E8917C1D1FBDC12E00746974 /* UIViewXRadialGradient.swift in Sources */,
				E8917C1C1FBDC12E00746974 /* UIViewX.swift in Sources */,
				E8C27ECC1FCA91E7004CC70E /* MenuBarView.swift in Sources */,
				E80C4B391FCC41F800D4B473 /* ApiService.swift in Sources */,
				E8F479831FC700DE00DDBBA7 /* CategoryProductController.swift in Sources */,
				E8917C1A1FBDC12E00746974 /* UIViewAnchorPoint.swift in Sources */,
				E8917C171FBDC12E00746974 /* UILabelX.swift in Sources */,
				E8917C1B1FBDC12E00746974 /* UIViewControllerX.swift in Sources */,
				E8917C191FBDC12E00746974 /* UITextFieldX.swift in Sources */,
				E8917C211FBDC3E700746974 /* RegisterController.swift in Sources */,
				E8F479811FC6FC9600DDBBA7 /* SlideMenuCell.swift in Sources */,
				E86BF2141FC4565F000E06BE /* HomeController.swift in Sources */,
				E8C27ECE1FCAC203004CC70E /* BaseCell.swift in Sources */,
				E8DFA8361FC58E9E002DFC74 /* HomeCell.swift in Sources */,
				E80C4B341FCC2A1B00D4B473 /* Product.swift in Sources */,
				E80C4B361FCC2AB300D4B473 /* FeedCell.swift in Sources */,
				E8DFA8381FC58ED9002DFC74 /* HomeCategoryCell.swift in Sources */,
				E8BBA3EE1FC9A85E002ADD8D /* slideMenuItem.swift in Sources */,
				E8917BF61FBDB97900746974 /* AppDelegate.swift in Sources */,
				E8917C181FBDC12E00746974 /* UISliderX.swift in Sources */,
				E83CA5781FD01AC6003799FB /* ProductCell.swift in Sources */,
				E8917BFE1FBDB97900746974 /* ClothesShop.xcdatamodeld in Sources */,
				E8BBA3EC1FC990C2002ADD8D /* User.swift in Sources */,
			);
			runOnlyForDeploymentPostprocessing = 0;
		};
/* End PBXSourcesBuildPhase section */

/* Begin PBXVariantGroup section */
		E8917BF91FBDB97900746974 /* Main.storyboard */ = {
			isa = PBXVariantGroup;
			children = (
				E8917BFA1FBDB97900746974 /* Base */,
			);
			name = Main.storyboard;
			sourceTree = "<group>";
		};
		E8917C011FBDB97900746974 /* LaunchScreen.storyboard */ = {
			isa = PBXVariantGroup;
			children = (
				E8917C021FBDB97900746974 /* Base */,
			);
			name = LaunchScreen.storyboard;
			sourceTree = "<group>";
		};
/* End PBXVariantGroup section */

/* Begin XCBuildConfiguration section */
		E8917C051FBDB97900746974 /* Debug */ = {
			isa = XCBuildConfiguration;
			buildSettings = {
				ALWAYS_SEARCH_USER_PATHS = NO;
				CLANG_ANALYZER_NONNULL = YES;
				CLANG_ANALYZER_NUMBER_OBJECT_CONVERSION = YES_AGGRESSIVE;
				CLANG_CXX_LANGUAGE_STANDARD = "gnu++14";
				CLANG_CXX_LIBRARY = "libc++";
				CLANG_ENABLE_MODULES = YES;
				CLANG_ENABLE_OBJC_ARC = YES;
				CLANG_WARN_BLOCK_CAPTURE_AUTORELEASING = YES;
				CLANG_WARN_BOOL_CONVERSION = YES;
				CLANG_WARN_COMMA = YES;
				CLANG_WARN_CONSTANT_CONVERSION = YES;
				CLANG_WARN_DIRECT_OBJC_ISA_USAGE = YES_ERROR;
				CLANG_WARN_DOCUMENTATION_COMMENTS = YES;
				CLANG_WARN_EMPTY_BODY = YES;
				CLANG_WARN_ENUM_CONVERSION = YES;
				CLANG_WARN_INFINITE_RECURSION = YES;
				CLANG_WARN_INT_CONVERSION = YES;
				CLANG_WARN_NON_LITERAL_NULL_CONVERSION = YES;
				CLANG_WARN_OBJC_LITERAL_CONVERSION = YES;
				CLANG_WARN_OBJC_ROOT_CLASS = YES_ERROR;
				CLANG_WARN_RANGE_LOOP_ANALYSIS = YES;
				CLANG_WARN_STRICT_PROTOTYPES = YES;
				CLANG_WARN_SUSPICIOUS_MOVE = YES;
				CLANG_WARN_UNGUARDED_AVAILABILITY = YES_AGGRESSIVE;
				CLANG_WARN_UNREACHABLE_CODE = YES;
				CLANG_WARN__DUPLICATE_METHOD_MATCH = YES;
				CODE_SIGN_IDENTITY = "iPhone Developer";
				COPY_PHASE_STRIP = NO;
				DEBUG_INFORMATION_FORMAT = dwarf;
				ENABLE_STRICT_OBJC_MSGSEND = YES;
				ENABLE_TESTABILITY = YES;
				GCC_C_LANGUAGE_STANDARD = gnu11;
				GCC_DYNAMIC_NO_PIC = NO;
				GCC_NO_COMMON_BLOCKS = YES;
				GCC_OPTIMIZATION_LEVEL = 0;
				GCC_PREPROCESSOR_DEFINITIONS = (
					"DEBUG=1",
					"$(inherited)",
				);
				GCC_WARN_64_TO_32_BIT_CONVERSION = YES;
				GCC_WARN_ABOUT_RETURN_TYPE = YES_ERROR;
				GCC_WARN_UNDECLARED_SELECTOR = YES;
				GCC_WARN_UNINITIALIZED_AUTOS = YES_AGGRESSIVE;
				GCC_WARN_UNUSED_FUNCTION = YES;
				GCC_WARN_UNUSED_VARIABLE = YES;
				IPHONEOS_DEPLOYMENT_TARGET = 11.1;
				MTL_ENABLE_DEBUG_INFO = YES;
				ONLY_ACTIVE_ARCH = YES;
				SDKROOT = iphoneos;
				SWIFT_ACTIVE_COMPILATION_CONDITIONS = DEBUG;
				SWIFT_OPTIMIZATION_LEVEL = "-Onone";
			};
			name = Debug;
		};
		E8917C061FBDB97900746974 /* Release */ = {
			isa = XCBuildConfiguration;
			buildSettings = {
				ALWAYS_SEARCH_USER_PATHS = NO;
				CLANG_ANALYZER_NONNULL = YES;
				CLANG_ANALYZER_NUMBER_OBJECT_CONVERSION = YES_AGGRESSIVE;
				CLANG_CXX_LANGUAGE_STANDARD = "gnu++14";
				CLANG_CXX_LIBRARY = "libc++";
				CLANG_ENABLE_MODULES = YES;
				CLANG_ENABLE_OBJC_ARC = YES;
				CLANG_WARN_BLOCK_CAPTURE_AUTORELEASING = YES;
				CLANG_WARN_BOOL_CONVERSION = YES;
				CLANG_WARN_COMMA = YES;
				CLANG_WARN_CONSTANT_CONVERSION = YES;
				CLANG_WARN_DIRECT_OBJC_ISA_USAGE = YES_ERROR;
				CLANG_WARN_DOCUMENTATION_COMMENTS = YES;
				CLANG_WARN_EMPTY_BODY = YES;
				CLANG_WARN_ENUM_CONVERSION = YES;
				CLANG_WARN_INFINITE_RECURSION = YES;
				CLANG_WARN_INT_CONVERSION = YES;
				CLANG_WARN_NON_LITERAL_NULL_CONVERSION = YES;
				CLANG_WARN_OBJC_LITERAL_CONVERSION = YES;
				CLANG_WARN_OBJC_ROOT_CLASS = YES_ERROR;
				CLANG_WARN_RANGE_LOOP_ANALYSIS = YES;
				CLANG_WARN_STRICT_PROTOTYPES = YES;
				CLANG_WARN_SUSPICIOUS_MOVE = YES;
				CLANG_WARN_UNGUARDED_AVAILABILITY = YES_AGGRESSIVE;
				CLANG_WARN_UNREACHABLE_CODE = YES;
				CLANG_WARN__DUPLICATE_METHOD_MATCH = YES;
				CODE_SIGN_IDENTITY = "iPhone Developer";
				COPY_PHASE_STRIP = NO;
				DEBUG_INFORMATION_FORMAT = "dwarf-with-dsym";
				ENABLE_NS_ASSERTIONS = NO;
				ENABLE_STRICT_OBJC_MSGSEND = YES;
				GCC_C_LANGUAGE_STANDARD = gnu11;
				GCC_NO_COMMON_BLOCKS = YES;
				GCC_WARN_64_TO_32_BIT_CONVERSION = YES;
				GCC_WARN_ABOUT_RETURN_TYPE = YES_ERROR;
				GCC_WARN_UNDECLARED_SELECTOR = YES;
				GCC_WARN_UNINITIALIZED_AUTOS = YES_AGGRESSIVE;
				GCC_WARN_UNUSED_FUNCTION = YES;
				GCC_WARN_UNUSED_VARIABLE = YES;
				IPHONEOS_DEPLOYMENT_TARGET = 11.1;
				MTL_ENABLE_DEBUG_INFO = NO;
				SDKROOT = iphoneos;
				SWIFT_OPTIMIZATION_LEVEL = "-Owholemodule";
				VALIDATE_PRODUCT = YES;
			};
			name = Release;
		};
		E8917C081FBDB97900746974 /* Debug */ = {
			isa = XCBuildConfiguration;
			baseConfigurationReference = C731CC1536CFA13C3E4E2338 /* Pods-ClothesShop.debug.xcconfig */;
			buildSettings = {
				ASSETCATALOG_COMPILER_APPICON_NAME = AppIcon;
				CODE_SIGN_ENTITLEMENTS = ClothesShop/ClothesShop.entitlements;
				CODE_SIGN_STYLE = Automatic;
				DEVELOPMENT_TEAM = VE76Z49SVP;
				INFOPLIST_FILE = ClothesShop/Info.plist;
				LD_RUNPATH_SEARCH_PATHS = "$(inherited) @executable_path/Frameworks";
				PRODUCT_BUNDLE_IDENTIFIER = cuongdeve.ClothesShop;
				PRODUCT_NAME = "$(TARGET_NAME)";
				SWIFT_VERSION = 4.0;
				TARGETED_DEVICE_FAMILY = "1,2";
			};
			name = Debug;
		};
		E8917C091FBDB97900746974 /* Release */ = {
			isa = XCBuildConfiguration;
			baseConfigurationReference = EF8EE375D86DBA6472C85CBA /* Pods-ClothesShop.release.xcconfig */;
			buildSettings = {
				ASSETCATALOG_COMPILER_APPICON_NAME = AppIcon;
				CODE_SIGN_ENTITLEMENTS = ClothesShop/ClothesShop.entitlements;
				CODE_SIGN_STYLE = Automatic;
				DEVELOPMENT_TEAM = VE76Z49SVP;
				INFOPLIST_FILE = ClothesShop/Info.plist;
				LD_RUNPATH_SEARCH_PATHS = "$(inherited) @executable_path/Frameworks";
				PRODUCT_BUNDLE_IDENTIFIER = cuongdeve.ClothesShop;
				PRODUCT_NAME = "$(TARGET_NAME)";
				SWIFT_VERSION = 4.0;
				TARGETED_DEVICE_FAMILY = "1,2";
			};
			name = Release;
		};
/* End XCBuildConfiguration section */

/* Begin XCConfigurationList section */
		E8917BED1FBDB97900746974 /* Build configuration list for PBXProject "ClothesShop" */ = {
			isa = XCConfigurationList;
			buildConfigurations = (
				E8917C051FBDB97900746974 /* Debug */,
				E8917C061FBDB97900746974 /* Release */,
			);
			defaultConfigurationIsVisible = 0;
			defaultConfigurationName = Release;
		};
		E8917C071FBDB97900746974 /* Build configuration list for PBXNativeTarget "ClothesShop" */ = {
			isa = XCConfigurationList;
			buildConfigurations = (
				E8917C081FBDB97900746974 /* Debug */,
				E8917C091FBDB97900746974 /* Release */,
			);
			defaultConfigurationIsVisible = 0;
			defaultConfigurationName = Release;
		};
/* End XCConfigurationList section */

/* Begin XCVersionGroup section */
		E8917BFC1FBDB97900746974 /* ClothesShop.xcdatamodeld */ = {
			isa = XCVersionGroup;
			children = (
				E8917BFD1FBDB97900746974 /* ClothesShop.xcdatamodel */,
			);
			currentVersion = E8917BFD1FBDB97900746974 /* ClothesShop.xcdatamodel */;
			path = ClothesShop.xcdatamodeld;
			sourceTree = "<group>";
			versionGroupType = wrapper.xcdatamodel;
		};
/* End XCVersionGroup section */
	};
	rootObject = E8917BEA1FBDB97900746974 /* Project object */;
}
